
Microsoft Visual Studio Solution File, Format Version 12.00
# Visual Studio Version 17
VisualStudioVersion = 17.9.34616.47
MinimumVisualStudioVersion = 10.0.40219.1
Project("{2150E333-8FDC-42A3-9474-1A3956D46DE8}") = "Services", "Services", "{AD92A221-25DB-4FE6-863D-213C0D418A98}"
EndProject
Project("{2150E333-8FDC-42A3-9474-1A3956D46DE8}") = "Catalog", "Catalog", "{F569FC0D-1282-4CC8-B3C3-0212DB3FB202}"
EndProject
Project("{FAE04EC0-301F-11D3-BF4B-00C04F79EFBC}") = "Catalog.API", "Services\Catalog\Catalog.API\Catalog.API.csproj", "{B1168252-EFCC-4264-AFD9-95E561AB9899}"
EndProject
Project("{2150E333-8FDC-42A3-9474-1A3956D46DE8}") = "BuildingBlocks", "BuildingBlocks", "{2432967D-9C3B-42BC-A8BC-E3CFB553E908}"
EndProject
Project("{FAE04EC0-301F-11D3-BF4B-00C04F79EFBC}") = "BuildingBlocks", "BuildingBlocks\BuildingBlocks\BuildingBlocks.csproj", "{33AE2A8D-9C54-4957-84F0-3DB5A3A70BAC}"
EndProject
Project("{2150E333-8FDC-42A3-9474-1A3956D46DE8}") = "Basket", "Basket", "{9761767B-AD75-430C-9A30-722C7391EF3B}"
EndProject
Project("{FAE04EC0-301F-11D3-BF4B-00C04F79EFBC}") = "Basket.API", "Services\Basket\Basket.API\Basket.API.csproj", "{118ACD98-8424-4CA6-A71E-EE94FA9FE662}"
EndProject
Project("{2150E333-8FDC-42A3-9474-1A3956D46DE8}") = "Discount", "Discount", "{207889DF-511E-48FE-9852-0D3CE81C5A73}"
EndProject
Project("{FAE04EC0-301F-11D3-BF4B-00C04F79EFBC}") = "Discount.Grpc", "Services\Discount\Discount.Grpc\Discount.Grpc.csproj", "{5C4C4242-0A43-4F58-88C6-88E3D6BF2C4A}"
EndProject
Project("{2150E333-8FDC-42A3-9474-1A3956D46DE8}") = "Ordering", "Ordering", "{B5C2462F-3DE5-48B7-BA3F-C8FA917B4F84}"
EndProject
Project("{FAE04EC0-301F-11D3-BF4B-00C04F79EFBC}") = "Ordering.API", "Services\Ordering\Ordering.API\Ordering.API.csproj", "{9C0CA7D9-4F1F-4B59-9124-3F386AA4AE02}"
EndProject
EndProject
Global
	GlobalSection(SolutionConfigurationPlatforms) = preSolution
		Debug|Any CPU = Debug|Any CPU
		Release|Any CPU = Release|Any CPU
	EndGlobalSection
	GlobalSection(ProjectConfigurationPlatforms) = postSolution
		{B1168252-EFCC-4264-AFD9-95E561AB9899}.Debug|Any CPU.ActiveCfg = Debug|Any CPU
		{B1168252-EFCC-4264-AFD9-95E561AB9899}.Debug|Any CPU.Build.0 = Debug|Any CPU
		{B1168252-EFCC-4264-AFD9-95E561AB9899}.Release|Any CPU.ActiveCfg = Release|Any CPU
		{B1168252-EFCC-4264-AFD9-95E561AB9899}.Release|Any CPU.Build.0 = Release|Any CPU
		{33AE2A8D-9C54-4957-84F0-3DB5A3A70BAC}.Debug|Any CPU.ActiveCfg = Debug|Any CPU
		{33AE2A8D-9C54-4957-84F0-3DB5A3A70BAC}.Debug|Any CPU.Build.0 = Debug|Any CPU
		{33AE2A8D-9C54-4957-84F0-3DB5A3A70BAC}.Release|Any CPU.ActiveCfg = Release|Any CPU
		{33AE2A8D-9C54-4957-84F0-3DB5A3A70BAC}.Release|Any CPU.Build.0 = Release|Any CPU
		{118ACD98-8424-4CA6-A71E-EE94FA9FE662}.Debug|Any CPU.ActiveCfg = Debug|Any CPU
		{118ACD98-8424-4CA6-A71E-EE94FA9FE662}.Debug|Any CPU.Build.0 = Debug|Any CPU
		{118ACD98-8424-4CA6-A71E-EE94FA9FE662}.Release|Any CPU.ActiveCfg = Release|Any CPU
		{118ACD98-8424-4CA6-A71E-EE94FA9FE662}.Release|Any CPU.Build.0 = Release|Any CPU
		{5C4C4242-0A43-4F58-88C6-88E3D6BF2C4A}.Debug|Any CPU.ActiveCfg = Debug|Any CPU
		{5C4C4242-0A43-4F58-88C6-88E3D6BF2C4A}.Debug|Any CPU.Build.0 = Debug|Any CPU
		{5C4C4242-0A43-4F58-88C6-88E3D6BF2C4A}.Release|Any CPU.ActiveCfg = Release|Any CPU
		{5C4C4242-0A43-4F58-88C6-88E3D6BF2C4A}.Release|Any CPU.Build.0 = Release|Any CPU
		{9C0CA7D9-4F1F-4B59-9124-3F386AA4AE02}.Debug|Any CPU.ActiveCfg = Debug|Any CPU
		{9C0CA7D9-4F1F-4B59-9124-3F386AA4AE02}.Debug|Any CPU.Build.0 = Debug|Any CPU
		{9C0CA7D9-4F1F-4B59-9124-3F386AA4AE02}.Release|Any CPU.ActiveCfg = Release|Any CPU
		{9C0CA7D9-4F1F-4B59-9124-3F386AA4AE02}.Release|Any CPU.Build.0 = Release|Any CPU
	EndGlobalSection
	GlobalSection(SolutionProperties) = preSolution
		HideSolutionNode = FALSE
	EndGlobalSection
	GlobalSection(NestedProjects) = preSolution
		{F569FC0D-1282-4CC8-B3C3-0212DB3FB202} = {AD92A221-25DB-4FE6-863D-213C0D418A98}
		{B1168252-EFCC-4264-AFD9-95E561AB9899} = {F569FC0D-1282-4CC8-B3C3-0212DB3FB202}
		{33AE2A8D-9C54-4957-84F0-3DB5A3A70BAC} = {2432967D-9C3B-42BC-A8BC-E3CFB553E908}
		{9761767B-AD75-430C-9A30-722C7391EF3B} = {AD92A221-25DB-4FE6-863D-213C0D418A98}
		{118ACD98-8424-4CA6-A71E-EE94FA9FE662} = {9761767B-AD75-430C-9A30-722C7391EF3B}
		{207889DF-511E-48FE-9852-0D3CE81C5A73} = {AD92A221-25DB-4FE6-863D-213C0D418A98}
		{5C4C4242-0A43-4F58-88C6-88E3D6BF2C4A} = {207889DF-511E-48FE-9852-0D3CE81C5A73}
		{B5C2462F-3DE5-48B7-BA3F-C8FA917B4F84} = {AD92A221-25DB-4FE6-863D-213C0D418A98}
		{9C0CA7D9-4F1F-4B59-9124-3F386AA4AE02} = {B5C2462F-3DE5-48B7-BA3F-C8FA917B4F84}
	EndGlobalSection
	GlobalSection(ExtensibilityGlobals) = postSolution
		SolutionGuid = {5D6A6870-FB2F-405A-A362-6E9A2AED0E08}
	EndGlobalSection
EndGlobal
